
Microsoft Visual Studio Solution File, Format Version 12.00
# Visual Studio Version 16
VisualStudioVersion = 16.0.30907.101
MinimumVisualStudioVersion = 10.0.40219.1
Project("{FAE04EC0-301F-11D3-BF4B-00C04F79EFBC}") = "iot_lab1.UWP", "iot_lab1\iot_lab1.UWP\iot_lab1.UWP.csproj", "{F1FE1B75-95D8-4BD1-B2FD-D1E791DE6F8E}"
EndProject
Project("{FAE04EC0-301F-11D3-BF4B-00C04F79EFBC}") = "iot_lab1.Android", "iot_lab1\iot_lab1.Android\iot_lab1.Android.csproj", "{02403230-F6B0-4D19-B5C1-24BD10B0DE64}"
EndProject
Project("{FAE04EC0-301F-11D3-BF4B-00C04F79EFBC}") = "iot_lab1.iOS", "iot_lab1\iot_lab1.iOS\iot_lab1.iOS.csproj", "{B4F42C5A-B833-458B-96C8-700286BB3A75}"
EndProject
Project("{FAE04EC0-301F-11D3-BF4B-00C04F79EFBC}") = "iot_lab1", "iot_lab1\iot_lab1\iot_lab1.csproj", "{87029CBD-9964-4C67-8E83-C63B12F70D1A}"
EndProject
Global
	GlobalSection(SolutionConfigurationPlatforms) = preSolution
		Debug|Any CPU = Debug|Any CPU
		Debug|ARM = Debug|ARM
		Debug|iPhone = Debug|iPhone
		Debug|iPhoneSimulator = Debug|iPhoneSimulator
		Debug|x64 = Debug|x64
		Debug|x86 = Debug|x86
		Release|Any CPU = Release|Any CPU
		Release|ARM = Release|ARM
		Release|iPhone = Release|iPhone
		Release|iPhoneSimulator = Release|iPhoneSimulator
		Release|x64 = Release|x64
		Release|x86 = Release|x86
	EndGlobalSection
	GlobalSection(ProjectConfigurationPlatforms) = postSolution
		{F1FE1B75-95D8-4BD1-B2FD-D1E791DE6F8E}.Debug|Any CPU.ActiveCfg = Debug|x86
		{F1FE1B75-95D8-4BD1-B2FD-D1E791DE6F8E}.Debug|Any CPU.Build.0 = Debug|x86
		{F1FE1B75-95D8-4BD1-B2FD-D1E791DE6F8E}.Debug|Any CPU.Deploy.0 = Debug|x86
		{F1FE1B75-95D8-4BD1-B2FD-D1E791DE6F8E}.Debug|ARM.ActiveCfg = Debug|ARM
		{F1FE1B75-95D8-4BD1-B2FD-D1E791DE6F8E}.Debug|ARM.Build.0 = Debug|ARM
		{F1FE1B75-95D8-4BD1-B2FD-D1E791DE6F8E}.Debug|ARM.Deploy.0 = Debug|ARM
		{F1FE1B75-95D8-4BD1-B2FD-D1E791DE6F8E}.Debug|iPhone.ActiveCfg = Debug|x86
		{F1FE1B75-95D8-4BD1-B2FD-D1E791DE6F8E}.Debug|iPhone.Build.0 = Debug|x86
		{F1FE1B75-95D8-4BD1-B2FD-D1E791DE6F8E}.Debug|iPhone.Deploy.0 = Debug|x86
		{F1FE1B75-95D8-4BD1-B2FD-D1E791DE6F8E}.Debug|iPhoneSimulator.ActiveCfg = Debug|x86
		{F1FE1B75-95D8-4BD1-B2FD-D1E791DE6F8E}.Debug|iPhoneSimulator.Build.0 = Debug|x86
		{F1FE1B75-95D8-4BD1-B2FD-D1E791DE6F8E}.Debug|iPhoneSimulator.Deploy.0 = Debug|x86
		{F1FE1B75-95D8-4BD1-B2FD-D1E791DE6F8E}.Debug|x64.ActiveCfg = Debug|x64
		{F1FE1B75-95D8-4BD1-B2FD-D1E791DE6F8E}.Debug|x64.Build.0 = Debug|x64
		{F1FE1B75-95D8-4BD1-B2FD-D1E791DE6F8E}.Debug|x64.Deploy.0 = Debug|x64
		{F1FE1B75-95D8-4BD1-B2FD-D1E791DE6F8E}.Debug|x86.ActiveCfg = Debug|x86
		{F1FE1B75-95D8-4BD1-B2FD-D1E791DE6F8E}.Debug|x86.Build.0 = Debug|x86
		{F1FE1B75-95D8-4BD1-B2FD-D1E791DE6F8E}.Debug|x86.Deploy.0 = Debug|x86
		{F1FE1B75-95D8-4BD1-B2FD-D1E791DE6F8E}.Release|Any CPU.ActiveCfg = Release|x86
		{F1FE1B75-95D8-4BD1-B2FD-D1E791DE6F8E}.Release|Any CPU.Build.0 = Release|x86
		{F1FE1B75-95D8-4BD1-B2FD-D1E791DE6F8E}.Release|Any CPU.Deploy.0 = Release|x86
		{F1FE1B75-95D8-4BD1-B2FD-D1E791DE6F8E}.Release|ARM.ActiveCfg = Release|ARM
		{F1FE1B75-95D8-4BD1-B2FD-D1E791DE6F8E}.Release|ARM.Build.0 = Release|ARM
		{F1FE1B75-95D8-4BD1-B2FD-D1E791DE6F8E}.Release|ARM.Deploy.0 = Release|ARM
		{F1FE1B75-95D8-4BD1-B2FD-D1E791DE6F8E}.Release|iPhone.ActiveCfg = Release|x86
		{F1FE1B75-95D8-4BD1-B2FD-D1E791DE6F8E}.Release|iPhone.Build.0 = Release|x86
		{F1FE1B75-95D8-4BD1-B2FD-D1E791DE6F8E}.Release|iPhone.Deploy.0 = Release|x86
		{F1FE1B75-95D8-4BD1-B2FD-D1E791DE6F8E}.Release|iPhoneSimulator.ActiveCfg = Release|x86
		{F1FE1B75-95D8-4BD1-B2FD-D1E791DE6F8E}.Release|iPhoneSimulator.Build.0 = Release|x86
		{F1FE1B75-95D8-4BD1-B2FD-D1E791DE6F8E}.Release|iPhoneSimulator.Deploy.0 = Release|x86
		{F1FE1B75-95D8-4BD1-B2FD-D1E791DE6F8E}.Release|x64.ActiveCfg = Release|x64
		{F1FE1B75-95D8-4BD1-B2FD-D1E791DE6F8E}.Release|x64.Build.0 = Release|x64
		{F1FE1B75-95D8-4BD1-B2FD-D1E791DE6F8E}.Release|x64.Deploy.0 = Release|x64
		{F1FE1B75-95D8-4BD1-B2FD-D1E791DE6F8E}.Release|x86.ActiveCfg = Release|x86
		{F1FE1B75-95D8-4BD1-B2FD-D1E791DE6F8E}.Release|x86.Build.0 = Release|x86
		{F1FE1B75-95D8-4BD1-B2FD-D1E791DE6F8E}.Release|x86.Deploy.0 = Release|x86
		{02403230-F6B0-4D19-B5C1-24BD10B0DE64}.Debug|Any CPU.ActiveCfg = Debug|Any CPU
		{02403230-F6B0-4D19-B5C1-24BD10B0DE64}.Debug|Any CPU.Build.0 = Debug|Any CPU
		{02403230-F6B0-4D19-B5C1-24BD10B0DE64}.Debug|Any CPU.Deploy.0 = Debug|Any CPU
		{02403230-F6B0-4D19-B5C1-24BD10B0DE64}.Debug|ARM.ActiveCfg = Debug|Any CPU
		{02403230-F6B0-4D19-B5C1-24BD10B0DE64}.Debug|ARM.Build.0 = Debug|Any CPU
		{02403230-F6B0-4D19-B5C1-24BD10B0DE64}.Debug|ARM.Deploy.0 = Debug|Any CPU
		{02403230-F6B0-4D19-B5C1-24BD10B0DE64}.Debug|iPhone.ActiveCfg = Debug|Any CPU
		{02403230-F6B0-4D19-B5C1-24BD10B0DE64}.Debug|iPhone.Build.0 = Debug|Any CPU
		{02403230-F6B0-4D19-B5C1-24BD10B0DE64}.Debug|iPhone.Deploy.0 = Debug|Any CPU
		{02403230-F6B0-4D19-B5C1-24BD10B0DE64}.Debug|iPhoneSimulator.ActiveCfg = Debug|Any CPU
		{02403230-F6B0-4D19-B5C1-24BD10B0DE64}.Debug|iPhoneSimulator.Build.0 = Debug|Any CPU
		{02403230-F6B0-4D19-B5C1-24BD10B0DE64}.Debug|iPhoneSimulator.Deploy.0 = Debug|Any CPU
		{02403230-F6B0-4D19-B5C1-24BD10B0DE64}.Debug|x64.ActiveCfg = Debug|Any CPU
		{02403230-F6B0-4D19-B5C1-24BD10B0DE64}.Debug|x64.Build.0 = Debug|Any CPU
		{02403230-F6B0-4D19-B5C1-24BD10B0DE64}.Debug|x64.Deploy.0 = Debug|Any CPU
		{02403230-F6B0-4D19-B5C1-24BD10B0DE64}.Debug|x86.ActiveCfg = Debug|Any CPU
		{02403230-F6B0-4D19-B5C1-24BD10B0DE64}.Debug|x86.Build.0 = Debug|Any CPU
		{02403230-F6B0-4D19-B5C1-24BD10B0DE64}.Debug|x86.Deploy.0 = Debug|Any CPU
		{02403230-F6B0-4D19-B5C1-24BD10B0DE64}.Release|Any CPU.ActiveCfg = Release|Any CPU
		{02403230-F6B0-4D19-B5C1-24BD10B0DE64}.Release|Any CPU.Build.0 = Release|Any CPU
		{02403230-F6B0-4D19-B5C1-24BD10B0DE64}.Release|Any CPU.Deploy.0 = Release|Any CPU
		{02403230-F6B0-4D19-B5C1-24BD10B0DE64}.Release|ARM.ActiveCfg = Release|Any CPU
		{02403230-F6B0-4D19-B5C1-24BD10B0DE64}.Release|ARM.Build.0 = Release|Any CPU
		{02403230-F6B0-4D19-B5C1-24BD10B0DE64}.Release|ARM.Deploy.0 = Release|Any CPU
		{02403230-F6B0-4D19-B5C1-24BD10B0DE64}.Release|iPhone.ActiveCfg = Release|Any CPU
		{02403230-F6B0-4D19-B5C1-24BD10B0DE64}.Release|iPhone.Build.0 = Release|Any CPU
		{02403230-F6B0-4D19-B5C1-24BD10B0DE64}.Release|iPhone.Deploy.0 = Release|Any CPU
		{02403230-F6B0-4D19-B5C1-24BD10B0DE64}.Release|iPhoneSimulator.ActiveCfg = Release|Any CPU
		{02403230-F6B0-4D19-B5C1-24BD10B0DE64}.Release|iPhoneSimulator.Build.0 = Release|Any CPU
		{02403230-F6B0-4D19-B5C1-24BD10B0DE64}.Release|iPhoneSimulator.Deploy.0 = Release|Any CPU
		{02403230-F6B0-4D19-B5C1-24BD10B0DE64}.Release|x64.ActiveCfg = Release|Any CPU
		{02403230-F6B0-4D19-B5C1-24BD10B0DE64}.Release|x64.Build.0 = Release|Any CPU
		{02403230-F6B0-4D19-B5C1-24BD10B0DE64}.Release|x64.Deploy.0 = Release|Any CPU
		{02403230-F6B0-4D19-B5C1-24BD10B0DE64}.Release|x86.ActiveCfg = Release|Any CPU
		{02403230-F6B0-4D19-B5C1-24BD10B0DE64}.Release|x86.Build.0 = Release|Any CPU
		{02403230-F6B0-4D19-B5C1-24BD10B0DE64}.Release|x86.Deploy.0 = Release|Any CPU
		{B4F42C5A-B833-458B-96C8-700286BB3A75}.Debug|Any CPU.ActiveCfg = Debug|iPhoneSimulator
		{B4F42C5A-B833-458B-96C8-700286BB3A75}.Debug|Any CPU.Build.0 = Debug|iPhoneSimulator
		{B4F42C5A-B833-458B-96C8-700286BB3A75}.Debug|Any CPU.Deploy.0 = Debug|iPhoneSimulator
		{B4F42C5A-B833-458B-96C8-700286BB3A75}.Debug|ARM.ActiveCfg = Debug|iPhone
		{B4F42C5A-B833-458B-96C8-700286BB3A75}.Debug|ARM.Build.0 = Debug|iPhone
		{B4F42C5A-B833-458B-96C8-700286BB3A75}.Debug|ARM.Deploy.0 = Debug|iPhone
		{B4F42C5A-B833-458B-96C8-700286BB3A75}.Debug|iPhone.ActiveCfg = Debug|iPhone
		{B4F42C5A-B833-458B-96C8-700286BB3A75}.Debug|iPhone.Build.0 = Debug|iPhone
		{B4F42C5A-B833-458B-96C8-700286BB3A75}.Debug|iPhone.Deploy.0 = Debug|iPhone
		{B4F42C5A-B833-458B-96C8-700286BB3A75}.Debug|iPhoneSimulator.ActiveCfg = Debug|iPhoneSimulator
		{B4F42C5A-B833-458B-96C8-700286BB3A75}.Debug|iPhoneSimulator.Build.0 = Debug|iPhoneSimulator
		{B4F42C5A-B833-458B-96C8-700286BB3A75}.Debug|iPhoneSimulator.Deploy.0 = Debug|iPhoneSimulator
		{B4F42C5A-B833-458B-96C8-700286BB3A75}.Debug|x64.ActiveCfg = Debug|iPhoneSimulator
		{B4F42C5A-B833-458B-96C8-700286BB3A75}.Debug|x64.Build.0 = Debug|iPhoneSimulator
		{B4F42C5A-B833-458B-96C8-700286BB3A75}.Debug|x64.Deploy.0 = Debug|iPhoneSimulator
		{B4F42C5A-B833-458B-96C8-700286BB3A75}.Debug|x86.ActiveCfg = Debug|iPhoneSimulator
		{B4F42C5A-B833-458B-96C8-700286BB3A75}.Debug|x86.Build.0 = Debug|iPhoneSimulator
		{B4F42C5A-B833-458B-96C8-700286BB3A75}.Debug|x86.Deploy.0 = Debug|iPhoneSimulator
		{B4F42C5A-B833-458B-96C8-700286BB3A75}.Release|Any CPU.ActiveCfg = Release|iPhoneSimulator
		{B4F42C5A-B833-458B-96C8-700286BB3A75}.Release|Any CPU.Build.0 = Release|iPhoneSimulator
		{B4F42C5A-B833-458B-96C8-700286BB3A75}.Release|Any CPU.Deploy.0 = Release|iPhoneSimulator
		{B4F42C5A-B833-458B-96C8-700286BB3A75}.Release|ARM.ActiveCfg = Release|iPhoneSimulator
		{B4F42C5A-B833-458B-96C8-700286BB3A75}.Release|ARM.Build.0 = Release|iPhoneSimulator
		{B4F42C5A-B833-458B-96C8-700286BB3A75}.Release|ARM.Deploy.0 = Release|iPhoneSimulator
		{B4F42C5A-B833-458B-96C8-700286BB3A75}.Release|iPhone.ActiveCfg = Release|iPhone
		{B4F42C5A-B833-458B-96C8-700286BB3A75}.Release|iPhone.Build.0 = Release|iPhone
		{B4F42C5A-B833-458B-96C8-700286BB3A75}.Release|iPhone.Deploy.0 = Release|iPhone
		{B4F42C5A-B833-458B-96C8-700286BB3A75}.Release|iPhoneSimulator.ActiveCfg = Release|iPhoneSimulator
		{B4F42C5A-B833-458B-96C8-700286BB3A75}.Release|iPhoneSimulator.Build.0 = Release|iPhoneSimulator
		{B4F42C5A-B833-458B-96C8-700286BB3A75}.Release|iPhoneSimulator.Deploy.0 = Release|iPhoneSimulator
		{B4F42C5A-B833-458B-96C8-700286BB3A75}.Release|x64.ActiveCfg = Release|iPhoneSimulator
		{B4F42C5A-B833-458B-96C8-700286BB3A75}.Release|x64.Build.0 = Release|iPhoneSimulator
		{B4F42C5A-B833-458B-96C8-700286BB3A75}.Release|x64.Deploy.0 = Release|iPhoneSimulator
		{B4F42C5A-B833-458B-96C8-700286BB3A75}.Release|x86.ActiveCfg = Release|iPhoneSimulator
		{B4F42C5A-B833-458B-96C8-700286BB3A75}.Release|x86.Build.0 = Release|iPhoneSimulator
		{B4F42C5A-B833-458B-96C8-700286BB3A75}.Release|x86.Deploy.0 = Release|iPhoneSimulator
		{87029CBD-9964-4C67-8E83-C63B12F70D1A}.Debug|Any CPU.ActiveCfg = Debug|Any CPU
		{87029CBD-9964-4C67-8E83-C63B12F70D1A}.Debug|Any CPU.Build.0 = Debug|Any CPU
		{87029CBD-9964-4C67-8E83-C63B12F70D1A}.Debug|Any CPU.Deploy.0 = Debug|Any CPU
		{87029CBD-9964-4C67-8E83-C63B12F70D1A}.Debug|ARM.ActiveCfg = Debug|Any CPU
		{87029CBD-9964-4C67-8E83-C63B12F70D1A}.Debug|ARM.Build.0 = Debug|Any CPU
		{87029CBD-9964-4C67-8E83-C63B12F70D1A}.Debug|ARM.Deploy.0 = Debug|Any CPU
		{87029CBD-9964-4C67-8E83-C63B12F70D1A}.Debug|iPhone.ActiveCfg = Debug|Any CPU
		{87029CBD-9964-4C67-8E83-C63B12F70D1A}.Debug|iPhone.Build.0 = Debug|Any CPU
		{87029CBD-9964-4C67-8E83-C63B12F70D1A}.Debug|iPhone.Deploy.0 = Debug|Any CPU
		{87029CBD-9964-4C67-8E83-C63B12F70D1A}.Debug|iPhoneSimulator.ActiveCfg = Debug|Any CPU
		{87029CBD-9964-4C67-8E83-C63B12F70D1A}.Debug|iPhoneSimulator.Build.0 = Debug|Any CPU
		{87029CBD-9964-4C67-8E83-C63B12F70D1A}.Debug|iPhoneSimulator.Deploy.0 = Debug|Any CPU
		{87029CBD-9964-4C67-8E83-C63B12F70D1A}.Debug|x64.ActiveCfg = Debug|Any CPU
		{87029CBD-9964-4C67-8E83-C63B12F70D1A}.Debug|x64.Build.0 = Debug|Any CPU
		{87029CBD-9964-4C67-8E83-C63B12F70D1A}.Debug|x64.Deploy.0 = Debug|Any CPU
		{87029CBD-9964-4C67-8E83-C63B12F70D1A}.Debug|x86.ActiveCfg = Debug|Any CPU
		{87029CBD-9964-4C67-8E83-C63B12F70D1A}.Debug|x86.Build.0 = Debug|Any CPU
		{87029CBD-9964-4C67-8E83-C63B12F70D1A}.Debug|x86.Deploy.0 = Debug|Any CPU
		{87029CBD-9964-4C67-8E83-C63B12F70D1A}.Release|Any CPU.ActiveCfg = Release|Any CPU
		{87029CBD-9964-4C67-8E83-C63B12F70D1A}.Release|Any CPU.Build.0 = Release|Any CPU
		{87029CBD-9964-4C67-8E83-C63B12F70D1A}.Release|Any CPU.Deploy.0 = Release|Any CPU
		{87029CBD-9964-4C67-8E83-C63B12F70D1A}.Release|ARM.ActiveCfg = Release|Any CPU
		{87029CBD-9964-4C67-8E83-C63B12F70D1A}.Release|ARM.Build.0 = Release|Any CPU
		{87029CBD-9964-4C67-8E83-C63B12F70D1A}.Release|ARM.Deploy.0 = Release|Any CPU
		{87029CBD-9964-4C67-8E83-C63B12F70D1A}.Release|iPhone.ActiveCfg = Release|Any CPU
		{87029CBD-9964-4C67-8E83-C63B12F70D1A}.Release|iPhone.Build.0 = Release|Any CPU
		{87029CBD-9964-4C67-8E83-C63B12F70D1A}.Release|iPhone.Deploy.0 = Release|Any CPU
		{87029CBD-9964-4C67-8E83-C63B12F70D1A}.Release|iPhoneSimulator.ActiveCfg = Release|Any CPU
		{87029CBD-9964-4C67-8E83-C63B12F70D1A}.Release|iPhoneSimulator.Build.0 = Release|Any CPU
		{87029CBD-9964-4C67-8E83-C63B12F70D1A}.Release|iPhoneSimulator.Deploy.0 = Release|Any CPU
		{87029CBD-9964-4C67-8E83-C63B12F70D1A}.Release|x64.ActiveCfg = Release|Any CPU
		{87029CBD-9964-4C67-8E83-C63B12F70D1A}.Release|x64.Build.0 = Release|Any CPU
		{87029CBD-9964-4C67-8E83-C63B12F70D1A}.Release|x64.Deploy.0 = Release|Any CPU
		{87029CBD-9964-4C67-8E83-C63B12F70D1A}.Release|x86.ActiveCfg = Release|Any CPU
		{87029CBD-9964-4C67-8E83-C63B12F70D1A}.Release|x86.Build.0 = Release|Any CPU
		{87029CBD-9964-4C67-8E83-C63B12F70D1A}.Release|x86.Deploy.0 = Release|Any CPU
	EndGlobalSection
	GlobalSection(SolutionProperties) = preSolution
		HideSolutionNode = FALSE
	EndGlobalSection
	GlobalSection(ExtensibilityGlobals) = postSolution
		SolutionGuid = {F2100835-6B2E-4338-ACDA-B0F730E962D4}
	EndGlobalSection
EndGlobal
